{
  "name": "react-hooks-npm-lab",
  "version": "0.1.0",
  "lockfileVersion": 3,
  "requires": true,
  "packages": {
    "": {
      "name": "react-hooks-npm-lab",
      "version": "0.1.0",
      "license": "CC-BY-NC-SA-4.0",
      "dependencies": {
        "import": "^0.0.6",
        "import-local": "^3.1.0",
        "local": "^0.3.3"
      }
    },
    "node_modules/async": {
      "version": "2.6.4",
      "resolved": "https://registry.npmjs.org/async/-/async-2.6.4.tgz",
      "integrity": "sha512-mzo5dfJYwAn29PeiJ0zvwTo04zj8HDJj0Mn8TD7sno7q12prdbnasKJHhkm2c1LgrhlJ0teaea8860oxi51mGA==",
      "dependencies": {
        "lodash": "^4.17.14"
      }
    },
    "node_modules/find-up": {
      "version": "4.1.0",
      "resolved": "https://registry.npmjs.org/find-up/-/find-up-4.1.0.tgz",
      "integrity": "sha512-PpOwAdQ/YlXQ2vj8a3h8IipDuYRi3wceVQQGYWxNINccq40Anw7BlsEXCMbt1Zt+OLA6Fq9suIpIWD0OsnISlw==",
      "dependencies": {
        "locate-path": "^5.0.0",
        "path-exists": "^4.0.0"
      },
      "engines": {
        "node": ">=8"
      }
    },
    "node_modules/import": {
      "version": "0.0.6",
      "resolved": "https://registry.npmjs.org/import/-/import-0.0.6.tgz",
      "integrity": "sha512-QPhTdjy9J4wUzmWSG7APkSgMFuPGPw+iJTYUblcfc2AfpqaatbwgCldK1HoLYx+v/+lWvab63GWZtNkcnj9JcQ==",
      "dependencies": {
        "optimist": "0.3.x"
      },
      "bin": {
        "import": "import"
      },
      "engines": {
        "node": ">=0.10.0"
      }
    },
    "node_modules/import-local": {
      "version": "3.1.0",
      "resolved": "https://registry.npmjs.org/import-local/-/import-local-3.1.0.tgz",
      "integrity": "sha512-ASB07uLtnDs1o6EHjKpX34BKYDSqnFerfTOJL2HvMqF70LnxpjkzDB8J44oT9pu4AMPkQwf8jl6szgvNd2tRIg==",
      "dependencies": {
        "pkg-dir": "^4.2.0",
        "resolve-cwd": "^3.0.0"
      },
      "bin": {
        "import-local-fixture": "fixtures/cli.js"
      },
      "engines": {
        "node": ">=8"
      },
      "funding": {
        "url": "https://github.com/sponsors/sindresorhus"
      }
    },
    "node_modules/local": {
      "version": "0.3.3",
      "resolved": "https://registry.npmjs.org/local/-/local-0.3.3.tgz",
      "integrity": "sha512-SPjzMcYCtpFkuBgl2ivNR7HEvhwHlx8jbHN47lGlOkJ4na8BJEKtzQ9AXCldD0gbT70Er37ujqlCC9ylofEICg==",
      "dependencies": {
        "async": "^2.0.0-rc.2"
      }
    },
    "node_modules/locate-path": {
      "version": "5.0.0",
      "resolved": "https://registry.npmjs.org/locate-path/-/locate-path-5.0.0.tgz",
      "integrity": "sha512-t7hw9pI+WvuwNJXwk5zVHpyhIqzg2qTlklJOf0mVxGSbe3Fp2VieZcduNYjaLDoy6p9uGpQEGWG87WpMKlNq8g==",
      "dependencies": {
        "p-locate": "^4.1.0"
      },
      "engines": {
        "node": ">=8"
      }
    },
    "node_modules/lodash": {
      "version": "4.17.21",
      "resolved": "https://registry.npmjs.org/lodash/-/lodash-4.17.21.tgz",
      "integrity": "sha512-v2kDEe57lecTulaDIuNTPy3Ry4gLGJ6Z1O3vE1krgXZNrsQ+LFTGHVxVjcXPs17LhbZVGedAJv8XZ1tvj5FvSg=="
    },
    "node_modules/optimist": {
      "version": "0.3.7",
      "resolved": "https://registry.npmjs.org/optimist/-/optimist-0.3.7.tgz",
      "integrity": "sha512-TCx0dXQzVtSCg2OgY/bO9hjM9cV4XYx09TVK+s3+FhkjT6LovsLe+pPMzpWf+6yXK/hUizs2gUoTw3jHM0VaTQ==",
      "dependencies": {
        "wordwrap": "~0.0.2"
      }
    },
    "node_modules/p-limit": {
      "version": "2.3.0",
      "resolved": "https://registry.npmjs.org/p-limit/-/p-limit-2.3.0.tgz",
      "integrity": "sha512-//88mFWSJx8lxCzwdAABTJL2MyWB12+eIY7MDL2SqLmAkeKU9qxRvWuSyTjm3FUmpBEMuFfckAIqEaVGUDxb6w==",
      "dependencies": {
        "p-try": "^2.0.0"
      },
      "engines": {
        "node": ">=6"
      },
      "funding": {
        "url": "https://github.com/sponsors/sindresorhus"
      }
    },
    "node_modules/p-locate": {
      "version": "4.1.0",
      "resolved": "https://registry.npmjs.org/p-locate/-/p-locate-4.1.0.tgz",
      "integrity": "sha512-R79ZZ/0wAxKGu3oYMlz8jy/kbhsNrS7SKZ7PxEHBgJ5+F2mtFW2fK2cOtBh1cHYkQsbzFV7I+EoRKe6Yt0oK7A==",
      "dependencies": {
        "p-limit": "^2.2.0"
      },
      "engines": {
        "node": ">=8"
      }
    },
    "node_modules/p-try": {
      "version": "2.2.0",
      "resolved": "https://registry.npmjs.org/p-try/-/p-try-2.2.0.tgz",
      "integrity": "sha512-R4nPAVTAU0B9D35/Gk3uJf/7XYbQcyohSKdvAxIRSNghFl4e71hVoGnBNQz9cWaXxO2I10KTC+3jMdvvoKw6dQ==",
      "engines": {
        "node": ">=6"
      }
    },
    "node_modules/path-exists": {
      "version": "4.0.0",
      "resolved": "https://registry.npmjs.org/path-exists/-/path-exists-4.0.0.tgz",
      "integrity": "sha512-ak9Qy5Q7jYb2Wwcey5Fpvg2KoAc/ZIhLSLOSBmRmygPsGwkVVt0fZa0qrtMz+m6tJTAHfZQ8FnmB4MG4LWy7/w==",
      "engines": {
        "node": ">=8"
      }
    },
    "node_modules/pkg-dir": {
      "version": "4.2.0",
      "resolved": "https://registry.npmjs.org/pkg-dir/-/pkg-dir-4.2.0.tgz",
      "integrity": "sha512-HRDzbaKjC+AOWVXxAU/x54COGeIv9eb+6CkDSQoNTt4XyWoIJvuPsXizxu/Fr23EiekbtZwmh1IcIG/l/a10GQ==",
      "dependencies": {
        "find-up": "^4.0.0"
      },
      "engines": {
        "node": ">=8"
      }
    },
    "node_modules/resolve-cwd": {
      "version": "3.0.0",
      "resolved": "https://registry.npmjs.org/resolve-cwd/-/resolve-cwd-3.0.0.tgz",
      "integrity": "sha512-OrZaX2Mb+rJCpH/6CpSqt9xFVpN++x01XnN2ie9g6P5/3xelLAkXWVADpdz1IHD/KFfEXyE6V0U01OQ3UO2rEg==",
      "dependencies": {
        "resolve-from": "^5.0.0"
      },
      "engines": {
        "node": ">=8"
      }
    },
    "node_modules/resolve-from": {
      "version": "5.0.0",
      "resolved": "https://registry.npmjs.org/resolve-from/-/resolve-from-5.0.0.tgz",
      "integrity": "sha512-qYg9KP24dD5qka9J47d0aVky0N+b4fTU89LN9iDnjB5waksiC49rvMB0PrUJQGoTmH50XPiqOvAjDfaijGxYZw==",
      "engines": {
        "node": ">=8"
      }
    },
    "node_modules/wordwrap": {
      "version": "0.0.3",
      "resolved": "https://registry.npmjs.org/wordwrap/-/wordwrap-0.0.3.tgz",
      "integrity": "sha512-1tMA907+V4QmxV7dbRvb4/8MaRALK6q9Abid3ndMYnbyo8piisCmeONVqVSXqQA3KaP4SLt5b7ud6E2sqP8TFw==",
      "engines": {
        "node": ">=0.4.0"
      }
    }
  }
}
